// !$*UTF8*$!
{
	archiveVersion = 1;
	classes = {
	};
	objectVersion = 48;
	objects = {

/* Begin PBXBuildFile section */
		9DEBE4781FBE1D5C00470020 /* AppDelegate.m in Sources */ = {isa = PBXBuildFile; fileRef = 9DEBE4771FBE1D5C00470020 /* AppDelegate.m */; };
		9DEBE47B1FBE1D5C00470020 /* ViewController.m in Sources */ = {isa = PBXBuildFile; fileRef = 9DEBE47A1FBE1D5C00470020 /* ViewController.m */; };
		9DEBE47E1FBE1D5C00470020 /* Main.storyboard in Resources */ = {isa = PBXBuildFile; fileRef = 9DEBE47C1FBE1D5C00470020 /* Main.storyboard */; };
		9DEBE4801FBE1D5C00470020 /* Assets.xcassets in Resources */ = {isa = PBXBuildFile; fileRef = 9DEBE47F1FBE1D5C00470020 /* Assets.xcassets */; };
		9DEBE4831FBE1D5C00470020 /* LaunchScreen.storyboard in Resources */ = {isa = PBXBuildFile; fileRef = 9DEBE4811FBE1D5C00470020 /* LaunchScreen.storyboard */; };
		9DEBE4861FBE1D5C00470020 /* main.m in Sources */ = {isa = PBXBuildFile; fileRef = 9DEBE4851FBE1D5C00470020 /* main.m */; };
/* End PBXBuildFile section */

/* Begin PBXFileReference section */
		9DEBE4731FBE1D5C00470020 /* W2D2 - AutoLayout(SB).app */ = {isa = PBXFileReference; explicitFileType = wrapper.application; includeInIndex = 0; path = "W2D2 - AutoLayout(SB).app"; sourceTree = BUILT_PRODUCTS_DIR; };
		9DEBE4761FBE1D5C00470020 /* AppDelegate.h */ = {isa = PBXFileReference; lastKnownFileType = sourcecode.c.h; path = AppDelegate.h; sourceTree = "<group>"; };
		9DEBE4771FBE1D5C00470020 /* AppDelegate.m */ = {isa = PBXFileReference; lastKnownFileType = sourcecode.c.objc; path = AppDelegate.m; sourceTree = "<group>"; };
		9DEBE4791FBE1D5C00470020 /* ViewController.h */ = {isa = PBXFileReference; lastKnownFileType = sourcecode.c.h; path = ViewController.h; sourceTree = "<group>"; };
		9DEBE47A1FBE1D5C00470020 /* ViewController.m */ = {isa = PBXFileReference; lastKnownFileType = sourcecode.c.objc; path = ViewController.m; sourceTree = "<group>"; };
		9DEBE47D1FBE1D5C00470020 /* Base */ = {isa = PBXFileReference; lastKnownFileType = file.storyboard; name = Base; path = Base.lproj/Main.storyboard; sourceTree = "<group>"; };
		9DEBE47F1FBE1D5C00470020 /* Assets.xcassets */ = {isa = PBXFileReference; lastKnownFileType = folder.assetcatalog; path = Assets.xcassets; sourceTree = "<group>"; };
		9DEBE4821FBE1D5C00470020 /* Base */ = {isa = PBXFileReference; lastKnownFileType = file.storyboard; name = Base; path = Base.lproj/LaunchScreen.storyboard; sourceTree = "<group>"; };
		9DEBE4841FBE1D5C00470020 /* Info.plist */ = {isa = PBXFileReference; lastKnownFileType = text.plist.xml; path = Info.plist; sourceTree = "<group>"; };
		9DEBE4851FBE1D5C00470020 /* main.m */ = {isa = PBXFileReference; lastKnownFileType = sourcecode.c.objc; path = main.m; sourceTree = "<group>"; };
/* End PBXFileReference section */

/* Begin PBXFrameworksBuildPhase section */
		9DEBE4701FBE1D5C00470020 /* Frameworks */ = {
			isa = PBXFrameworksBuildPhase;
			buildActionMask = 2147483647;
			files = (
			);
			runOnlyForDeploymentPostprocessing = 0;
		};
/* End PBXFrameworksBuildPhase section */

/* Begin PBXGroup section */
		9DEBE46A1FBE1D5C00470020 = {
			isa = PBXGroup;
			children = (
				9DEBE4751FBE1D5C00470020 /* W2D2 - AutoLayout(SB) */,
				9DEBE4741FBE1D5C00470020 /* Products */,
			);
			sourceTree = "<group>";
		};
		9DEBE4741FBE1D5C00470020 /* Products */ = {
			isa = PBXGroup;
			children = (
				9DEBE4731FBE1D5C00470020 /* W2D2 - AutoLayout(SB).app */,
			);
			name = Products;
			sourceTree = "<group>";
		};
		9DEBE4751FBE1D5C00470020 /* W2D2 - AutoLayout(SB) */ = {
			isa = PBXGroup;
			children = (
				9DEBE4761FBE1D5C00470020 /* AppDelegate.h */,
				9DEBE4771FBE1D5C00470020 /* AppDelegate.m */,
				9DEBE4791FBE1D5C00470020 /* ViewController.h */,
				9DEBE47A1FBE1D5C00470020 /* ViewController.m */,
				9DEBE47C1FBE1D5C00470020 /* Main.storyboard */,
				9DEBE47F1FBE1D5C00470020 /* Assets.xcassets */,
				9DEBE4811FBE1D5C00470020 /* LaunchScreen.storyboard */,
				9DEBE4841FBE1D5C00470020 /* Info.plist */,
				9DEBE4851FBE1D5C00470020 /* main.m */,
			);
			path = "W2D2 - AutoLayout(SB)";
			sourceTree = "<group>";
		};
/* End PBXGroup section */

/* Begin PBXNativeTarget section */
		9DEBE4721FBE1D5C00470020 /* W2D2 - AutoLayout(SB) */ = {
			isa = PBXNativeTarget;
			buildConfigurationList = 9DEBE4891FBE1D5C00470020 /* Build configuration list for PBXNativeTarget "W2D2 - AutoLayout(SB)" */;
			buildPhases = (
				9DEBE46F1FBE1D5C00470020 /* Sources */,
				9DEBE4701FBE1D5C00470020 /* Frameworks */,
				9DEBE4711FBE1D5C00470020 /* Resources */,
			);
			buildRules = (
			);
			dependencies = (
			);
			name = "W2D2 - AutoLayout(SB)";
			productName = "W2D2 - AutoLayout(SB)";
			productReference = 9DEBE4731FBE1D5C00470020 /* W2D2 - AutoLayout(SB).app */;
			productType = "com.apple.product-type.application";
		};
/* End PBXNativeTarget section */

/* Begin PBXProject section */
		9DEBE46B1FBE1D5C00470020 /* Project object */ = {
			isa = PBXProject;
			attributes = {
				LastUpgradeCheck = 0910;
				ORGANIZATIONNAME = murtilicious;
				TargetAttributes = {
					9DEBE4721FBE1D5C00470020 = {
						CreatedOnToolsVersion = 9.1;
						ProvisioningStyle = Automatic;
					};
				};
			};
			buildConfigurationList = 9DEBE46E1FBE1D5C00470020 /* Build configuration list for PBXProject "W2D2 - AutoLayout(SB)" */;
			compatibilityVersion = "Xcode 8.0";
			developmentRegion = en;
			hasScannedForEncodings = 0;
			knownRegions = (
				en,
				Base,
			);
			mainGroup = 9DEBE46A1FBE1D5C00470020;
			productRefGroup = 9DEBE4741FBE1D5C00470020 /* Products */;
			projectDirPath = "";
			projectRoot = "";
			targets = (
				9DEBE4721FBE1D5C00470020 /* W2D2 - AutoLayout(SB) */,
			);
		};
/* End PBXProject section */

/* Begin PBXResourcesBuildPhase section */
		9DEBE4711FBE1D5C00470020 /* Resources */ = {
			isa = PBXResourcesBuildPhase;
			buildActionMask = 2147483647;
			files = (
				9DEBE4831FBE1D5C00470020 /* LaunchScreen.storyboard in Resources */,
				9DEBE4801FBE1D5C00470020 /* Assets.xcassets in Resources */,
				9DEBE47E1FBE1D5C00470020 /* Main.storyboard in Resources */,
			);
			runOnlyForDeploymentPostprocessing = 0;
		};
/* End PBXResourcesBuildPhase section */

/* Begin PBXSourcesBuildPhase section */
		9DEBE46F1FBE1D5C00470020 /* Sources */ = {
			isa = PBXSourcesBuildPhase;
			buildActionMask = 2147483647;
			files = (
				9DEBE47B1FBE1D5C00470020 /* ViewController.m in Sources */,
				9DEBE4861FBE1D5C00470020 /* main.m in Sources */,
				9DEBE4781FBE1D5C00470020 /* AppDelegate.m in Sources */,
			);
			runOnlyForDeploymentPostprocessing = 0;
		};
/* End PBXSourcesBuildPhase section */

/* Begin PBXVariantGroup section */
		9DEBE47C1FBE1D5C00470020 /* Main.storyboard */ = {
			isa = PBXVariantGroup;
			children = (
				9DEBE47D1FBE1D5C00470020 /* Base */,
			);
			name = Main.storyboard;
			sourceTree = "<group>";
		};
		9DEBE4811FBE1D5C00470020 /* LaunchScreen.storyboard */ = {
			isa = PBXVariantGroup;
			children = (
				9DEBE4821FBE1D5C00470020 /* Base */,
			);
			name = LaunchScreen.storyboard;
			sourceTree = "<group>";
		};
/* End PBXVariantGroup section */

/* Begin XCBuildConfiguration section */
		9DEBE4871FBE1D5C00470020 /* Debug */ = {
			isa = XCBuildConfiguration;
			buildSettings = {
				ALWAYS_SEARCH_USER_PATHS = NO;
				CLANG_ANALYZER_NONNULL = YES;
				CLANG_ANALYZER_NUMBER_OBJECT_CONVERSION = YES_AGGRESSIVE;
				CLANG_CXX_LANGUAGE_STANDARD = "gnu++14";
				CLANG_CXX_LIBRARY = "libc++";
				CLANG_ENABLE_MODULES = YES;
				CLANG_ENABLE_OBJC_ARC = YES;
				CLANG_WARN_BLOCK_CAPTURE_AUTORELEASING = YES;
				CLANG_WARN_BOOL_CONVERSION = YES;
				CLANG_WARN_COMMA = YES;
				CLANG_WARN_CONSTANT_CONVERSION = YES;
				CLANG_WARN_DIRECT_OBJC_ISA_USAGE = YES_ERROR;
				CLANG_WARN_DOCUMENTATION_COMMENTS = YES;
				CLANG_WARN_EMPTY_BODY = YES;
				CLANG_WARN_ENUM_CONVERSION = YES;
				CLANG_WARN_INFINITE_RECURSION = YES;
				CLANG_WARN_INT_CONVERSION = YES;
				CLANG_WARN_NON_LITERAL_NULL_CONVERSION = YES;
				CLANG_WARN_OBJC_LITERAL_CONVERSION = YES;
				CLANG_WARN_OBJC_ROOT_CLASS = YES_ERROR;
				CLANG_WARN_RANGE_LOOP_ANALYSIS = YES;
				CLANG_WARN_STRICT_PROTOTYPES = YES;
				CLANG_WARN_SUSPICIOUS_MOVE = YES;
				CLANG_WARN_UNGUARDED_AVAILABILITY = YES_AGGRESSIVE;
				CLANG_WARN_UNREACHABLE_CODE = YES;
				CLANG_WARN__DUPLICATE_METHOD_MATCH = YES;
				CODE_SIGN_IDENTITY = "iPhone Developer";
				COPY_PHASE_STRIP = NO;
				DEBUG_INFORMATION_FORMAT = dwarf;
				ENABLE_STRICT_OBJC_MSGSEND = YES;
				ENABLE_TESTABILITY = YES;
				GCC_C_LANGUAGE_STANDARD = gnu11;
				GCC_DYNAMIC_NO_PIC = NO;
				GCC_NO_COMMON_BLOCKS = YES;
				GCC_OPTIMIZATION_LEVEL = 0;
				GCC_PREPROCESSOR_DEFINITIONS = (
					"DEBUG=1",
					"$(inherited)",
				);
				GCC_WARN_64_TO_32_BIT_CONVERSION = YES;
				GCC_WARN_ABOUT_RETURN_TYPE = YES_ERROR;
				GCC_WARN_UNDECLARED_SELECTOR = YES;
				GCC_WARN_UNINITIALIZED_AUTOS = YES_AGGRESSIVE;
				GCC_WARN_UNUSED_FUNCTION = YES;
				GCC_WARN_UNUSED_VARIABLE = YES;
				IPHONEOS_DEPLOYMENT_TARGET = 11.1;
				MTL_ENABLE_DEBUG_INFO = YES;
				ONLY_ACTIVE_ARCH = YES;
				SDKROOT = iphoneos;
			};
			name = Debug;
		};
		9DEBE4881FBE1D5C00470020 /* Release */ = {
			isa = XCBuildConfiguration;
			buildSettings = {
				ALWAYS_SEARCH_USER_PATHS = NO;
				CLANG_ANALYZER_NONNULL = YES;
				CLANG_ANALYZER_NUMBER_OBJECT_CONVERSION = YES_AGGRESSIVE;
				CLANG_CXX_LANGUAGE_STANDARD = "gnu++14";
				CLANG_CXX_LIBRARY = "libc++";
				CLANG_ENABLE_MODULES = YES;
				CLANG_ENABLE_OBJC_ARC = YES;
				CLANG_WARN_BLOCK_CAPTURE_AUTORELEASING = YES;
				CLANG_WARN_BOOL_CONVERSION = YES;
				CLANG_WARN_COMMA = YES;
				CLANG_WARN_CONSTANT_CONVERSION = YES;
				CLANG_WARN_DIRECT_OBJC_ISA_USAGE = YES_ERROR;
				CLANG_WARN_DOCUMENTATION_COMMENTS = YES;
				CLANG_WARN_EMPTY_BODY = YES;
				CLANG_WARN_ENUM_CONVERSION = YES;
				CLANG_WARN_INFINITE_RECURSION = YES;
				CLANG_WARN_INT_CONVERSION = YES;
				CLANG_WARN_NON_LITERAL_NULL_CONVERSION = YES;
				CLANG_WARN_OBJC_LITERAL_CONVERSION = YES;
				CLANG_WARN_OBJC_ROOT_CLASS = YES_ERROR;
				CLANG_WARN_RANGE_LOOP_ANALYSIS = YES;
				CLANG_WARN_STRICT_PROTOTYPES = YES;
				CLANG_WARN_SUSPICIOUS_MOVE = YES;
				CLANG_WARN_UNGUARDED_AVAILABILITY = YES_AGGRESSIVE;
				CLANG_WARN_UNREACHABLE_CODE = YES;
				CLANG_WARN__DUPLICATE_METHOD_MATCH = YES;
				CODE_SIGN_IDENTITY = "iPhone Developer";
				COPY_PHASE_STRIP = NO;
				DEBUG_INFORMATION_FORMAT = "dwarf-with-dsym";
				ENABLE_NS_ASSERTIONS = NO;
				ENABLE_STRICT_OBJC_MSGSEND = YES;
				GCC_C_LANGUAGE_STANDARD = gnu11;
				GCC_NO_COMMON_BLOCKS = YES;
				GCC_WARN_64_TO_32_BIT_CONVERSION = YES;
				GCC_WARN_ABOUT_RETURN_TYPE = YES_ERROR;
				GCC_WARN_UNDECLARED_SELECTOR = YES;
				GCC_WARN_UNINITIALIZED_AUTOS = YES_AGGRESSIVE;
				GCC_WARN_UNUSED_FUNCTION = YES;
				GCC_WARN_UNUSED_VARIABLE = YES;
				IPHONEOS_DEPLOYMENT_TARGET = 11.1;
				MTL_ENABLE_DEBUG_INFO = NO;
				SDKROOT = iphoneos;
				VALIDATE_PRODUCT = YES;
			};
			name = Release;
		};
		9DEBE48A1FBE1D5C00470020 /* Debug */ = {
			isa = XCBuildConfiguration;
			buildSettings = {
				ASSETCATALOG_COMPILER_APPICON_NAME = AppIcon;
				CODE_SIGN_STYLE = Automatic;
				DEVELOPMENT_TEAM = KHBM4524SZ;
				INFOPLIST_FILE = "W2D2 - AutoLayout(SB)/Info.plist";
				LD_RUNPATH_SEARCH_PATHS = "$(inherited) @executable_path/Frameworks";
				PRODUCT_BUNDLE_IDENTIFIER = "com.murtilicious.W2D2---AutoLayout-SB-";
				PRODUCT_NAME = "$(TARGET_NAME)";
				TARGETED_DEVICE_FAMILY = "1,2";
			};
			name = Debug;
		};
		9DEBE48B1FBE1D5C00470020 /* Release */ = {
			isa = XCBuildConfiguration;
			buildSettings = {
				ASSETCATALOG_COMPILER_APPICON_NAME = AppIcon;
				CODE_SIGN_STYLE = Automatic;
				DEVELOPMENT_TEAM = KHBM4524SZ;
				INFOPLIST_FILE = "W2D2 - AutoLayout(SB)/Info.plist";
				LD_RUNPATH_SEARCH_PATHS = "$(inherited) @executable_path/Frameworks";
				PRODUCT_BUNDLE_IDENTIFIER = "com.murtilicious.W2D2---AutoLayout-SB-";
				PRODUCT_NAME = "$(TARGET_NAME)";
				TARGETED_DEVICE_FAMILY = "1,2";
			};
			name = Release;
		};
/* End XCBuildConfiguration section */

/* Begin XCConfigurationList section */
		9DEBE46E1FBE1D5C00470020 /* Build configuration list for PBXProject "W2D2 - AutoLayout(SB)" */ = {
			isa = XCConfigurationList;
			buildConfigurations = (
				9DEBE4871FBE1D5C00470020 /* Debug */,
				9DEBE4881FBE1D5C00470020 /* Release */,
			);
			defaultConfigurationIsVisible = 0;
			defaultConfigurationName = Release;
		};
		9DEBE4891FBE1D5C00470020 /* Build configuration list for PBXNativeTarget "W2D2 - AutoLayout(SB)" */ = {
			isa = XCConfigurationList;
			buildConfigurations = (
				9DEBE48A1FBE1D5C00470020 /* Debug */,
				9DEBE48B1FBE1D5C00470020 /* Release */,
			);
			defaultConfigurationIsVisible = 0;
			defaultConfigurationName = Release;
		};
/* End XCConfigurationList section */
	};
	rootObject = 9DEBE46B1FBE1D5C00470020 /* Project object */;
}
